<Solution>
  <!-- Source Projects (6 total) -->
  <Project Path="src/UnitConverter.Api/UnitConverter.API.csproj" />
  <Project Path="src/UnitConverter.Domain/UnitConverter.Domain.csproj" />
  <Project Path="src/UnitConverter.Application/UnitConverter.Application.csproj" />
  <Project Path="src/UnitConverter.Infrastructure/UnitConverter.Infrastructure.csproj" />
  <Project Path="src/UnitConverter.Web/UnitConverter.Web.csproj" />
  <Project Path="src/UnitConverter.ServiceDefaults/UnitConverter.ServiceDefaults.csproj" />
  
  <!-- Test Projects (5 total) -->
  <Project Path="tests/UnitConverter.Domain.Tests/UnitConverter.Domain.Tests.csproj" />
  <Project Path="tests/UnitConverter.Application.Tests/UnitConverter.Application.Tests.csproj" />
  <Project Path="tests/UnitConverter.Api.Tests/UnitConverter.Api.Tests.csproj" />
  <!-- BDD Tests temporarily disabled due to Reqnroll/net10 SDK compatibility issue -->
  <!-- <Project Path="tests/UnitConverter.Bdd.Tests/UnitConverter.Bdd.Tests.csproj" /> -->
  <Project Path="tests/UnitConverter.Load.Tests/UnitConverter.Load.Tests.csproj" />
  
  <!-- Performance/Benchmarks (1 total) -->
  <Project Path="perf/UnitConverter.Benchmarks/UnitConverter.Benchmarks.csproj" />
</Solution>
