<Solution>
  <!-- Shared -->
  <Project Path="src/UnitConverter.Common.Contracts/UnitConverter.Common.Contracts.csproj" />
  <Project Path="src/UnitConverter.Common/UnitConverter.Common.csproj" />

  <!-- User management (identity, auth, tokens) -->
  <Project Path="src/UnitConverter.UserManagement.Contracts/UnitConverter.UserManagement.Contracts.csproj" />
  <Project Path="src/UnitConverter.UserManagement/UnitConverter.UserManagement.csproj" />
  <Project Path="src/UnitConverter.UserManagement.DataAccess/UnitConverter.UserManagement.DataAccess.csproj" />
  <Project Path="src/UnitConverter.UserManagement.Api/UnitConverter.UserManagement.Api.csproj" />

  <!-- Units definitions (catalog, conversion) -->
  <Project Path="src/UnitConverter.UnitsDefinitions.Contracts/UnitConverter.UnitsDefinitions.Contracts.csproj" />
  <Project Path="src/UnitConverter.UnitsDefinitions/UnitConverter.UnitsDefinitions.csproj" />
  <Project Path="src/UnitConverter.UnitsDefinitions.DataAccess/UnitConverter.UnitsDefinitions.DataAccess.csproj" />
  <Project Path="src/UnitConverter.UnitsDefinitions.Api/UnitConverter.UnitsDefinitions.Api.csproj" />

  <!-- Tests -->
  <Project Path="tests/UnitConverter.Auth.Tests/UnitConverter.Auth.Tests.csproj" />
  <Project Path="tests/UnitConverter.Api.Tests/UnitConverter.Api.Tests.csproj" />
  <Project Path="tests/UnitConverter.Domain.Tests/UnitConverter.Domain.Tests.csproj" />
  <Project Path="tests/UnitConverter.Infrastructure.Tests/UnitConverter.Infrastructure.Tests.csproj" />
  <Project Path="tests/UnitConverter.Contracts.Tests/UnitConverter.Contracts.Tests.csproj" />

  <!-- Tools -->
  <Project Path="tools/UnitConverter.DbSetup/UnitConverter.DbSetup.csproj" />
</Solution>
